
Microsoft Visual Studio Solution File, Format Version 12.00
# Visual Studio Version 17
VisualStudioVersion = 17.5.33530.505
MinimumVisualStudioVersion = 10.0.40219.1
Project("{FAE04EC0-301F-11D3-BF4B-00C04F79EFBC}") = "ConvertUtils", "ConvertUtils.csproj", "{FCEF12B9-2127-4207-9110-030D0F007FB2}"
EndProject
Global
	GlobalSection(SolutionConfigurationPlatforms) = preSolution
		Debug|Any CPU = Debug|Any CPU
		Release|Any CPU = Release|Any CPU
	EndGlobalSection
	GlobalSection(ProjectConfigurationPlatforms) = postSolution
		{FCEF12B9-2127-4207-9110-030D0F007FB2}.Debug|Any CPU.ActiveCfg = Debug|Any CPU
		{FCEF12B9-2127-4207-9110-030D0F007FB2}.Debug|Any CPU.Build.0 = Debug|Any CPU
		{FCEF12B9-2127-4207-9110-030D0F007FB2}.Release|Any CPU.ActiveCfg = Release|Any CPU
		{FCEF12B9-2127-4207-9110-030D0F007FB2}.Release|Any CPU.Build.0 = Release|Any CPU
	EndGlobalSection
	GlobalSection(SolutionProperties) = preSolution
		HideSolutionNode = FALSE
	EndGlobalSection
	GlobalSection(ExtensibilityGlobals) = postSolution
		SolutionGuid = {1FA9D262-CF00-4A73-9103-B141607FCDB8}
	EndGlobalSection
EndGlobal
